
Microsoft Visual Studio Solution File, Format Version 11.00
# Visual Studio 2010
Project("{FAE04EC0-301F-11D3-BF4B-00C04F79EFBC}") = "Assembly-CSharp", "Assembly-CSharp.csproj", "{d2e70b4b-0f38-fe1c-c2df-612d0d10df47}"
EndProject
Global
	GlobalSection(SolutionConfigurationPlatforms) = preSolution
		Debug|Any CPU = Debug|Any CPU
		Release|Any CPU = Release|Any CPU
	EndGlobalSection
	GlobalSection(ProjectConfigurationPlatforms) = postSolution
		{d2e70b4b-0f38-fe1c-c2df-612d0d10df47}.Debug|Any CPU.ActiveCfg = Debug|Any CPU
		{d2e70b4b-0f38-fe1c-c2df-612d0d10df47}.Debug|Any CPU.Build.0 = Debug|Any CPU
		{d2e70b4b-0f38-fe1c-c2df-612d0d10df47}.Release|Any CPU.ActiveCfg = Release|Any CPU
		{d2e70b4b-0f38-fe1c-c2df-612d0d10df47}.Release|Any CPU.Build.0 = Release|Any CPU
	EndGlobalSection
	GlobalSection(SolutionProperties) = preSolution
		HideSolutionNode = FALSE
	EndGlobalSection
EndGlobal
