
Microsoft Visual Studio Solution File, Format Version 11.00
# Visual Studio 2010
Project("{FAE04EC0-301F-11D3-BF4B-00C04F79EFBC}") = "GameplayCode", "GameplayCode.csproj", "{fd77f9ee-28d4-cdcd-5c44-00075dc1f86b}"
EndProject
Project("{FAE04EC0-301F-11D3-BF4B-00C04F79EFBC}") = "DOTweenA", "DOTweenA.csproj", "{29c5c06f-f427-df9b-0af5-9666c7d321e9}"
EndProject
Project("{FAE04EC0-301F-11D3-BF4B-00C04F79EFBC}") = "Tests", "Tests.csproj", "{c81d24a8-6717-2a74-88fe-ff38c4e92ccb}"
EndProject
Global
	GlobalSection(SolutionConfigurationPlatforms) = preSolution
		Debug|Any CPU = Debug|Any CPU
		Release|Any CPU = Release|Any CPU
	EndGlobalSection
	GlobalSection(ProjectConfigurationPlatforms) = postSolution
		{fd77f9ee-28d4-cdcd-5c44-00075dc1f86b}.Debug|Any CPU.ActiveCfg = Debug|Any CPU
		{fd77f9ee-28d4-cdcd-5c44-00075dc1f86b}.Debug|Any CPU.Build.0 = Debug|Any CPU
		{fd77f9ee-28d4-cdcd-5c44-00075dc1f86b}.Release|Any CPU.ActiveCfg = Release|Any CPU
		{fd77f9ee-28d4-cdcd-5c44-00075dc1f86b}.Release|Any CPU.Build.0 = Release|Any CPU
		{29c5c06f-f427-df9b-0af5-9666c7d321e9}.Debug|Any CPU.ActiveCfg = Debug|Any CPU
		{29c5c06f-f427-df9b-0af5-9666c7d321e9}.Debug|Any CPU.Build.0 = Debug|Any CPU
		{29c5c06f-f427-df9b-0af5-9666c7d321e9}.Release|Any CPU.ActiveCfg = Release|Any CPU
		{29c5c06f-f427-df9b-0af5-9666c7d321e9}.Release|Any CPU.Build.0 = Release|Any CPU
		{c81d24a8-6717-2a74-88fe-ff38c4e92ccb}.Debug|Any CPU.ActiveCfg = Debug|Any CPU
		{c81d24a8-6717-2a74-88fe-ff38c4e92ccb}.Debug|Any CPU.Build.0 = Debug|Any CPU
		{c81d24a8-6717-2a74-88fe-ff38c4e92ccb}.Release|Any CPU.ActiveCfg = Release|Any CPU
		{c81d24a8-6717-2a74-88fe-ff38c4e92ccb}.Release|Any CPU.Build.0 = Release|Any CPU
	EndGlobalSection
	GlobalSection(SolutionProperties) = preSolution
		HideSolutionNode = FALSE
	EndGlobalSection
EndGlobal
